// !$*UTF8*$!
{
	archiveVersion = 1;
	classes = {
	};
	objectVersion = 46;
	objects = {

/* Begin PBXBuildFile section */
		2091F6ED1BD29F5600C709F6 /* AppDelegate.swift in Sources */ = {isa = PBXBuildFile; fileRef = 2091F6EC1BD29F5600C709F6 /* AppDelegate.swift */; };
		2091F6EF1BD29F5600C709F6 /* MasterViewController.swift in Sources */ = {isa = PBXBuildFile; fileRef = 2091F6EE1BD29F5600C709F6 /* MasterViewController.swift */; };
		2091F6F11BD29F5600C709F6 /* DetailViewController.swift in Sources */ = {isa = PBXBuildFile; fileRef = 2091F6F01BD29F5600C709F6 /* DetailViewController.swift */; };
		2091F6F41BD29F5600C709F6 /* Main.storyboard in Resources */ = {isa = PBXBuildFile; fileRef = 2091F6F21BD29F5600C709F6 /* Main.storyboard */; };
		2091F6F61BD29F5600C709F6 /* Assets.xcassets in Resources */ = {isa = PBXBuildFile; fileRef = 2091F6F51BD29F5600C709F6 /* Assets.xcassets */; };
		2091F6F91BD29F5600C709F6 /* LaunchScreen.storyboard in Resources */ = {isa = PBXBuildFile; fileRef = 2091F6F71BD29F5600C709F6 /* LaunchScreen.storyboard */; };
		2091F7241BD2AA2A00C709F6 /* XCGLogger.framework in Frameworks */ = {isa = PBXBuildFile; fileRef = 2091F71B1BD2A9DD00C709F6 /* XCGLogger.framework */; };
		2091F7251BD2AA2A00C709F6 /* XCGLogger.framework in Embed Frameworks */ = {isa = PBXBuildFile; fileRef = 2091F71B1BD2A9DD00C709F6 /* XCGLogger.framework */; settings = {ATTRIBUTES = (CodeSignOnCopy, RemoveHeadersOnCopy, ); }; };
/* End PBXBuildFile section */

/* Begin PBXContainerItemProxy section */
		2091F71A1BD2A9DD00C709F6 /* PBXContainerItemProxy */ = {
			isa = PBXContainerItemProxy;
			containerPortal = 2091F7121BD2A9DD00C709F6 /* XCGLogger.xcodeproj */;
			proxyType = 2;
			remoteGlobalIDString = 55E3EE4519D76F280068C3A7;
			remoteInfo = "XCGLogger (iOS)";
		};
		2091F71C1BD2A9DD00C709F6 /* PBXContainerItemProxy */ = {
			isa = PBXContainerItemProxy;
			containerPortal = 2091F7121BD2A9DD00C709F6 /* XCGLogger.xcodeproj */;
			proxyType = 2;
			remoteGlobalIDString = 554DF41719D76FE7005708BE;
			remoteInfo = "XCGLogger (OS X)";
		};
		2091F71E1BD2A9DD00C709F6 /* PBXContainerItemProxy */ = {
			isa = PBXContainerItemProxy;
			containerPortal = 2091F7121BD2A9DD00C709F6 /* XCGLogger.xcodeproj */;
			proxyType = 2;
			remoteGlobalIDString = 70CB94201B99E728007802FF;
			remoteInfo = "XCGLogger (watchOS)";
		};
		2091F7201BD2A9DD00C709F6 /* PBXContainerItemProxy */ = {
			isa = PBXContainerItemProxy;
			containerPortal = 2091F7121BD2A9DD00C709F6 /* XCGLogger.xcodeproj */;
			proxyType = 2;
			remoteGlobalIDString = 55E3EE5019D76F280068C3A7;
			remoteInfo = "XCGLoggerTests (iOS)";
		};
		2091F7221BD2A9DD00C709F6 /* PBXContainerItemProxy */ = {
			isa = PBXContainerItemProxy;
			containerPortal = 2091F7121BD2A9DD00C709F6 /* XCGLogger.xcodeproj */;
			proxyType = 2;
			remoteGlobalIDString = 55BB1F011B79DC7500709779;
			remoteInfo = "XCGLoggerTests (OS X)";
		};
		2091F7261BD2AA2A00C709F6 /* PBXContainerItemProxy */ = {
			isa = PBXContainerItemProxy;
			containerPortal = 2091F7121BD2A9DD00C709F6 /* XCGLogger.xcodeproj */;
			proxyType = 1;
			remoteGlobalIDString = 55E3EE4419D76F280068C3A7;
			remoteInfo = "XCGLogger (iOS)";
		};
/* End PBXContainerItemProxy section */

/* Begin PBXCopyFilesBuildPhase section */
		2091F7281BD2AA2A00C709F6 /* Embed Frameworks */ = {
			isa = PBXCopyFilesBuildPhase;
			buildActionMask = 2147483647;
			dstPath = "";
			dstSubfolderSpec = 10;
			files = (
				2091F7251BD2AA2A00C709F6 /* XCGLogger.framework in Embed Frameworks */,
			);
			name = "Embed Frameworks";
			runOnlyForDeploymentPostprocessing = 0;
		};
/* End PBXCopyFilesBuildPhase section */

/* Begin PBXFileReference section */
		2091F6E91BD29F5600C709F6 /* LifeCycleDemo.app */ = {isa = PBXFileReference; explicitFileType = wrapper.application; includeInIndex = 0; path = LifeCycleDemo.app; sourceTree = BUILT_PRODUCTS_DIR; };
		2091F6EC1BD29F5600C709F6 /* AppDelegate.swift */ = {isa = PBXFileReference; lastKnownFileType = sourcecode.swift; path = AppDelegate.swift; sourceTree = "<group>"; };
		2091F6EE1BD29F5600C709F6 /* MasterViewController.swift */ = {isa = PBXFileReference; lastKnownFileType = sourcecode.swift; path = MasterViewController.swift; sourceTree = "<group>"; };
		2091F6F01BD29F5600C709F6 /* DetailViewController.swift */ = {isa = PBXFileReference; lastKnownFileType = sourcecode.swift; path = DetailViewController.swift; sourceTree = "<group>"; };
		2091F6F31BD29F5600C709F6 /* Base */ = {isa = PBXFileReference; lastKnownFileType = file.storyboard; name = Base; path = Base.lproj/Main.storyboard; sourceTree = "<group>"; };
		2091F6F51BD29F5600C709F6 /* Assets.xcassets */ = {isa = PBXFileReference; lastKnownFileType = folder.assetcatalog; path = Assets.xcassets; sourceTree = "<group>"; };
		2091F6F81BD29F5600C709F6 /* Base */ = {isa = PBXFileReference; lastKnownFileType = file.storyboard; name = Base; path = Base.lproj/LaunchScreen.storyboard; sourceTree = "<group>"; };
		2091F6FA1BD29F5600C709F6 /* Info.plist */ = {isa = PBXFileReference; lastKnownFileType = text.plist.xml; path = Info.plist; sourceTree = "<group>"; };
		2091F7121BD2A9DD00C709F6 /* XCGLogger.xcodeproj */ = {isa = PBXFileReference; lastKnownFileType = "wrapper.pb-project"; name = XCGLogger.xcodeproj; path = Library/XCGLogger.xcodeproj; sourceTree = "<group>"; };
/* End PBXFileReference section */

/* Begin PBXFrameworksBuildPhase section */
		2091F6E61BD29F5600C709F6 /* Frameworks */ = {
			isa = PBXFrameworksBuildPhase;
			buildActionMask = 2147483647;
			files = (
				2091F7241BD2AA2A00C709F6 /* XCGLogger.framework in Frameworks */,
			);
			runOnlyForDeploymentPostprocessing = 0;
		};
/* End PBXFrameworksBuildPhase section */

/* Begin PBXGroup section */
		2091F6E01BD29F5600C709F6 = {
			isa = PBXGroup;
			children = (
				2091F7121BD2A9DD00C709F6 /* XCGLogger.xcodeproj */,
				2091F6EB1BD29F5600C709F6 /* LifeCycleDemo */,
				2091F6EA1BD29F5600C709F6 /* Products */,
			);
			sourceTree = "<group>";
		};
		2091F6EA1BD29F5600C709F6 /* Products */ = {
			isa = PBXGroup;
			children = (
				2091F6E91BD29F5600C709F6 /* LifeCycleDemo.app */,
			);
			name = Products;
			sourceTree = "<group>";
		};
		2091F6EB1BD29F5600C709F6 /* LifeCycleDemo */ = {
			isa = PBXGroup;
			children = (
				2091F6EC1BD29F5600C709F6 /* AppDelegate.swift */,
				2091F6EE1BD29F5600C709F6 /* MasterViewController.swift */,
				2091F6F01BD29F5600C709F6 /* DetailViewController.swift */,
				2091F6F21BD29F5600C709F6 /* Main.storyboard */,
				2091F6F51BD29F5600C709F6 /* Assets.xcassets */,
				2091F6F71BD29F5600C709F6 /* LaunchScreen.storyboard */,
				2091F6FA1BD29F5600C709F6 /* Info.plist */,
			);
			path = LifeCycleDemo;
			sourceTree = "<group>";
		};
		2091F7131BD2A9DD00C709F6 /* Products */ = {
			isa = PBXGroup;
			children = (
				2091F71B1BD2A9DD00C709F6 /* XCGLogger.framework */,
				2091F71D1BD2A9DD00C709F6 /* XCGLogger.framework */,
				2091F71F1BD2A9DD00C709F6 /* XCGLogger.framework */,
				2091F7211BD2A9DD00C709F6 /* XCGLoggerTests (iOS).xctest */,
				2091F7231BD2A9DD00C709F6 /* XCGLoggerTests (OS X).xctest */,
			);
			name = Products;
			sourceTree = "<group>";
		};
/* End PBXGroup section */

/* Begin PBXNativeTarget section */
		2091F6E81BD29F5600C709F6 /* LifeCycleDemo */ = {
			isa = PBXNativeTarget;
			buildConfigurationList = 2091F6FD1BD29F5600C709F6 /* Build configuration list for PBXNativeTarget "LifeCycleDemo" */;
			buildPhases = (
				2091F6E51BD29F5600C709F6 /* Sources */,
				2091F6E61BD29F5600C709F6 /* Frameworks */,
				2091F6E71BD29F5600C709F6 /* Resources */,
				2091F7281BD2AA2A00C709F6 /* Embed Frameworks */,
			);
			buildRules = (
			);
			dependencies = (
				2091F7271BD2AA2A00C709F6 /* PBXTargetDependency */,
			);
			name = LifeCycleDemo;
			productName = LifeCycleDemo;
			productReference = 2091F6E91BD29F5600C709F6 /* LifeCycleDemo.app */;
			productType = "com.apple.product-type.application";
		};
/* End PBXNativeTarget section */

/* Begin PBXProject section */
		2091F6E11BD29F5600C709F6 /* Project object */ = {
			isa = PBXProject;
			attributes = {
				LastUpgradeCheck = 0700;
				ORGANIZATIONNAME = Touch4IT;
				TargetAttributes = {
					2091F6E81BD29F5600C709F6 = {
						CreatedOnToolsVersion = 7.0.1;
					};
				};
			};
			buildConfigurationList = 2091F6E41BD29F5600C709F6 /* Build configuration list for PBXProject "LifeCycleDemo" */;
			compatibilityVersion = "Xcode 3.2";
			developmentRegion = English;
			hasScannedForEncodings = 0;
			knownRegions = (
				en,
				Base,
			);
			mainGroup = 2091F6E01BD29F5600C709F6;
			productRefGroup = 2091F6EA1BD29F5600C709F6 /* Products */;
			projectDirPath = "";
			projectReferences = (
				{
					ProductGroup = 2091F7131BD2A9DD00C709F6 /* Products */;
					ProjectRef = 2091F7121BD2A9DD00C709F6 /* XCGLogger.xcodeproj */;
				},
			);
			projectRoot = "";
			targets = (
				2091F6E81BD29F5600C709F6 /* LifeCycleDemo */,
			);
		};
/* End PBXProject section */

/* Begin PBXReferenceProxy section */
		2091F71B1BD2A9DD00C709F6 /* XCGLogger.framework */ = {
			isa = PBXReferenceProxy;
			fileType = wrapper.framework;
			path = XCGLogger.framework;
			remoteRef = 2091F71A1BD2A9DD00C709F6 /* PBXContainerItemProxy */;
			sourceTree = BUILT_PRODUCTS_DIR;
		};
		2091F71D1BD2A9DD00C709F6 /* XCGLogger.framework */ = {
			isa = PBXReferenceProxy;
			fileType = wrapper.framework;
			path = XCGLogger.framework;
			remoteRef = 2091F71C1BD2A9DD00C709F6 /* PBXContainerItemProxy */;
			sourceTree = BUILT_PRODUCTS_DIR;
		};
		2091F71F1BD2A9DD00C709F6 /* XCGLogger.framework */ = {
			isa = PBXReferenceProxy;
			fileType = wrapper.framework;
			path = XCGLogger.framework;
			remoteRef = 2091F71E1BD2A9DD00C709F6 /* PBXContainerItemProxy */;
			sourceTree = BUILT_PRODUCTS_DIR;
		};
		2091F7211BD2A9DD00C709F6 /* XCGLoggerTests (iOS).xctest */ = {
			isa = PBXReferenceProxy;
			fileType = wrapper.cfbundle;
			path = "XCGLoggerTests (iOS).xctest";
			remoteRef = 2091F7201BD2A9DD00C709F6 /* PBXContainerItemProxy */;
			sourceTree = BUILT_PRODUCTS_DIR;
		};
		2091F7231BD2A9DD00C709F6 /* XCGLoggerTests (OS X).xctest */ = {
			isa = PBXReferenceProxy;
			fileType = wrapper.cfbundle;
			path = "XCGLoggerTests (OS X).xctest";
			remoteRef = 2091F7221BD2A9DD00C709F6 /* PBXContainerItemProxy */;
			sourceTree = BUILT_PRODUCTS_DIR;
		};
/* End PBXReferenceProxy section */

/* Begin PBXResourcesBuildPhase section */
		2091F6E71BD29F5600C709F6 /* Resources */ = {
			isa = PBXResourcesBuildPhase;
			buildActionMask = 2147483647;
			files = (
				2091F6F91BD29F5600C709F6 /* LaunchScreen.storyboard in Resources */,
				2091F6F61BD29F5600C709F6 /* Assets.xcassets in Resources */,
				2091F6F41BD29F5600C709F6 /* Main.storyboard in Resources */,
			);
			runOnlyForDeploymentPostprocessing = 0;
		};
/* End PBXResourcesBuildPhase section */

/* Begin PBXSourcesBuildPhase section */
		2091F6E51BD29F5600C709F6 /* Sources */ = {
			isa = PBXSourcesBuildPhase;
			buildActionMask = 2147483647;
			files = (
				2091F6F11BD29F5600C709F6 /* DetailViewController.swift in Sources */,
				2091F6EF1BD29F5600C709F6 /* MasterViewController.swift in Sources */,
				2091F6ED1BD29F5600C709F6 /* AppDelegate.swift in Sources */,
			);
			runOnlyForDeploymentPostprocessing = 0;
		};
/* End PBXSourcesBuildPhase section */

/* Begin PBXTargetDependency section */
		2091F7271BD2AA2A00C709F6 /* PBXTargetDependency */ = {
			isa = PBXTargetDependency;
			name = "XCGLogger (iOS)";
			targetProxy = 2091F7261BD2AA2A00C709F6 /* PBXContainerItemProxy */;
		};
/* End PBXTargetDependency section */

/* Begin PBXVariantGroup section */
		2091F6F21BD29F5600C709F6 /* Main.storyboard */ = {
			isa = PBXVariantGroup;
			children = (
				2091F6F31BD29F5600C709F6 /* Base */,
			);
			name = Main.storyboard;
			sourceTree = "<group>";
		};
		2091F6F71BD29F5600C709F6 /* LaunchScreen.storyboard */ = {
			isa = PBXVariantGroup;
			children = (
				2091F6F81BD29F5600C709F6 /* Base */,
			);
			name = LaunchScreen.storyboard;
			sourceTree = "<group>";
		};
/* End PBXVariantGroup section */

/* Begin XCBuildConfiguration section */
		2091F6FB1BD29F5600C709F6 /* Debug */ = {
			isa = XCBuildConfiguration;
			buildSettings = {
				ALWAYS_SEARCH_USER_PATHS = NO;
				CLANG_CXX_LANGUAGE_STANDARD = "gnu++0x";
				CLANG_CXX_LIBRARY = "libc++";
				CLANG_ENABLE_MODULES = YES;
				CLANG_ENABLE_OBJC_ARC = YES;
				CLANG_WARN_BOOL_CONVERSION = YES;
				CLANG_WARN_CONSTANT_CONVERSION = YES;
				CLANG_WARN_DIRECT_OBJC_ISA_USAGE = YES_ERROR;
				CLANG_WARN_EMPTY_BODY = YES;
				CLANG_WARN_ENUM_CONVERSION = YES;
				CLANG_WARN_INT_CONVERSION = YES;
				CLANG_WARN_OBJC_ROOT_CLASS = YES_ERROR;
				CLANG_WARN_UNREACHABLE_CODE = YES;
				CLANG_WARN__DUPLICATE_METHOD_MATCH = YES;
				"CODE_SIGN_IDENTITY[sdk=iphoneos*]" = "iPhone Developer";
				COPY_PHASE_STRIP = NO;
				DEBUG_INFORMATION_FORMAT = dwarf;
				ENABLE_STRICT_OBJC_MSGSEND = YES;
				ENABLE_TESTABILITY = YES;
				GCC_C_LANGUAGE_STANDARD = gnu99;
				GCC_DYNAMIC_NO_PIC = NO;
				GCC_NO_COMMON_BLOCKS = YES;
				GCC_OPTIMIZATION_LEVEL = 0;
				GCC_PREPROCESSOR_DEFINITIONS = (
					"DEBUG=1",
					"$(inherited)",
				);
				GCC_WARN_64_TO_32_BIT_CONVERSION = YES;
				GCC_WARN_ABOUT_RETURN_TYPE = YES_ERROR;
				GCC_WARN_UNDECLARED_SELECTOR = YES;
				GCC_WARN_UNINITIALIZED_AUTOS = YES_AGGRESSIVE;
				GCC_WARN_UNUSED_FUNCTION = YES;
				GCC_WARN_UNUSED_VARIABLE = YES;
				IPHONEOS_DEPLOYMENT_TARGET = 9.0;
				MTL_ENABLE_DEBUG_INFO = YES;
				ONLY_ACTIVE_ARCH = YES;
				SDKROOT = iphoneos;
				SWIFT_OPTIMIZATION_LEVEL = "-Onone";
				TARGETED_DEVICE_FAMILY = "1,2";
			};
			name = Debug;
		};
		2091F6FC1BD29F5600C709F6 /* Release */ = {
			isa = XCBuildConfiguration;
			buildSettings = {
				ALWAYS_SEARCH_USER_PATHS = NO;
				CLANG_CXX_LANGUAGE_STANDARD = "gnu++0x";
				CLANG_CXX_LIBRARY = "libc++";
				CLANG_ENABLE_MODULES = YES;
				CLANG_ENABLE_OBJC_ARC = YES;
				CLANG_WARN_BOOL_CONVERSION = YES;
				CLANG_WARN_CONSTANT_CONVERSION = YES;
				CLANG_WARN_DIRECT_OBJC_ISA_USAGE = YES_ERROR;
				CLANG_WARN_EMPTY_BODY = YES;
				CLANG_WARN_ENUM_CONVERSION = YES;
				CLANG_WARN_INT_CONVERSION = YES;
				CLANG_WARN_OBJC_ROOT_CLASS = YES_ERROR;
				CLANG_WARN_UNREACHABLE_CODE = YES;
				CLANG_WARN__DUPLICATE_METHOD_MATCH = YES;
				"CODE_SIGN_IDENTITY[sdk=iphoneos*]" = "iPhone Developer";
				COPY_PHASE_STRIP = NO;
				DEBUG_INFORMATION_FORMAT = "dwarf-with-dsym";
				ENABLE_NS_ASSERTIONS = NO;
				ENABLE_STRICT_OBJC_MSGSEND = YES;
				GCC_C_LANGUAGE_STANDARD = gnu99;
				GCC_NO_COMMON_BLOCKS = YES;
				GCC_WARN_64_TO_32_BIT_CONVERSION = YES;
				GCC_WARN_ABOUT_RETURN_TYPE = YES_ERROR;
				GCC_WARN_UNDECLARED_SELECTOR = YES;
				GCC_WARN_UNINITIALIZED_AUTOS = YES_AGGRESSIVE;
				GCC_WARN_UNUSED_FUNCTION = YES;
				GCC_WARN_UNUSED_VARIABLE = YES;
				IPHONEOS_DEPLOYMENT_TARGET = 9.0;
				MTL_ENABLE_DEBUG_INFO = NO;
				SDKROOT = iphoneos;
				TARGETED_DEVICE_FAMILY = "1,2";
				VALIDATE_PRODUCT = YES;
			};
			name = Release;
		};
		2091F6FE1BD29F5600C709F6 /* Debug */ = {
			isa = XCBuildConfiguration;
			buildSettings = {
				ASSETCATALOG_COMPILER_APPICON_NAME = AppIcon;
				EMBEDDED_CONTENT_CONTAINS_SWIFT = YES;
				INFOPLIST_FILE = LifeCycleDemo/Info.plist;
				LD_RUNPATH_SEARCH_PATHS = "$(inherited) @executable_path/Frameworks";
				PRODUCT_BUNDLE_IDENTIFIER = com.touch4it.LifeCycleDemo;
				PRODUCT_NAME = "$(TARGET_NAME)";
			};
			name = Debug;
		};
		2091F6FF1BD29F5600C709F6 /* Release */ = {
			isa = XCBuildConfiguration;
			buildSettings = {
				ASSETCATALOG_COMPILER_APPICON_NAME = AppIcon;
				EMBEDDED_CONTENT_CONTAINS_SWIFT = YES;
				INFOPLIST_FILE = LifeCycleDemo/Info.plist;
				LD_RUNPATH_SEARCH_PATHS = "$(inherited) @executable_path/Frameworks";
				PRODUCT_BUNDLE_IDENTIFIER = com.touch4it.LifeCycleDemo;
				PRODUCT_NAME = "$(TARGET_NAME)";
			};
			name = Release;
		};
/* End XCBuildConfiguration section */

/* Begin XCConfigurationList section */
		2091F6E41BD29F5600C709F6 /* Build configuration list for PBXProject "LifeCycleDemo" */ = {
			isa = XCConfigurationList;
			buildConfigurations = (
				2091F6FB1BD29F5600C709F6 /* Debug */,
				2091F6FC1BD29F5600C709F6 /* Release */,
			);
			defaultConfigurationIsVisible = 0;
			defaultConfigurationName = Release;
		};
		2091F6FD1BD29F5600C709F6 /* Build configuration list for PBXNativeTarget "LifeCycleDemo" */ = {
			isa = XCConfigurationList;
			buildConfigurations = (
				2091F6FE1BD29F5600C709F6 /* Debug */,
				2091F6FF1BD29F5600C709F6 /* Release */,
			);
			defaultConfigurationIsVisible = 0;
			defaultConfigurationName = Release;
		};
/* End XCConfigurationList section */
	};
	rootObject = 2091F6E11BD29F5600C709F6 /* Project object */;
}
